# This file is autogenerated, do not edit; changes may be undone by the next 'dep ensure'.


[[projects]]
  branch = "master"
  digest = "1:3e6b4c95cf9353ab8e83dfced2784dec56972997ed1a3859fb3d6c87d5075de9"
  name = "github.com/fnproject/fdk-go"
  packages = ["."]
  pruneopts = "NUT"
  revision = "26ed643bea6837eb6ca757e0d98155b42e13e1dc"

[solve-meta]
  analyzer-name = "dep"
  analyzer-version = 1
  input-imports = ["github.com/fnproject/fdk-go"]
  solver-name = "gps-cdcl"
  solver-version = 1
